
Microsoft Visual Studio Solution File, Format Version 12.00
# Visual Studio Version 16
VisualStudioVersion = 16.0.32802.440
MinimumVisualStudioVersion = 10.0.40219.1
Project("{FAE04EC0-301F-11D3-BF4B-00C04F79EFBC}") = "BLE", "BLE.csproj", "{31F254F5-8283-4E9F-8893-5D9C739850DD}"
EndProject
Global
	GlobalSection(SolutionConfigurationPlatforms) = preSolution
		Debug|Any CPU = Debug|Any CPU
		Release|Any CPU = Release|Any CPU
	EndGlobalSection
	GlobalSection(ProjectConfigurationPlatforms) = postSolution
		{31F254F5-8283-4E9F-8893-5D9C739850DD}.Debug|Any CPU.ActiveCfg = Debug|Any CPU
		{31F254F5-8283-4E9F-8893-5D9C739850DD}.Debug|Any CPU.Build.0 = Debug|Any CPU
		{31F254F5-8283-4E9F-8893-5D9C739850DD}.Release|Any CPU.ActiveCfg = Release|Any CPU
		{31F254F5-8283-4E9F-8893-5D9C739850DD}.Release|Any CPU.Build.0 = Release|Any CPU
	EndGlobalSection
	GlobalSection(SolutionProperties) = preSolution
		HideSolutionNode = FALSE
	EndGlobalSection
	GlobalSection(ExtensibilityGlobals) = postSolution
		SolutionGuid = {E62571CB-F73A-4B75-89D3-193B02E05B67}
	EndGlobalSection
EndGlobal
